
Microsoft Visual Studio Solution File, Format Version 12.00
# Visual Studio Version 17
VisualStudioVersion = 17.8.34330.188
MinimumVisualStudioVersion = 10.0.40219.1
Project("{FAE04EC0-301F-11D3-BF4B-00C04F79EFBC}") = "BookRentalServiceTestProject", "BookRentalServiceTestProject\BookRentalServiceTestProject.csproj", "{01AFC70D-3442-49BB-838D-3D8903DEC22B}"
EndProject
Global
	GlobalSection(SolutionConfigurationPlatforms) = preSolution
		Debug|Any CPU = Debug|Any CPU
		Release|Any CPU = Release|Any CPU
	EndGlobalSection
	GlobalSection(ProjectConfigurationPlatforms) = postSolution
		{01AFC70D-3442-49BB-838D-3D8903DEC22B}.Debug|Any CPU.ActiveCfg = Debug|Any CPU
		{01AFC70D-3442-49BB-838D-3D8903DEC22B}.Debug|Any CPU.Build.0 = Debug|Any CPU
		{01AFC70D-3442-49BB-838D-3D8903DEC22B}.Release|Any CPU.ActiveCfg = Release|Any CPU
		{01AFC70D-3442-49BB-838D-3D8903DEC22B}.Release|Any CPU.Build.0 = Release|Any CPU
	EndGlobalSection
	GlobalSection(SolutionProperties) = preSolution
		HideSolutionNode = FALSE
	EndGlobalSection
	GlobalSection(ExtensibilityGlobals) = postSolution
		SolutionGuid = {18E0F4D2-06BC-4B20-BFDE-5F30361807D8}
	EndGlobalSection
EndGlobal
